# This file was autogenerated by Stack.
# You should not edit this file by hand.
# For more information, please see the documentation at:
#   https://docs.haskellstack.org/en/stable/lock_files

snapshots:
- original: lts-6.11
  completed:
    sha256: 446c7acdb967162f91f9e84d91b2b6f208b7a55611622890b8a1c5fe3b8f7aa6
    url: https://raw.githubusercontent.com/commercialhaskell/stackage-snapshots/master/lts/6/11.yaml
    size: 423853
packages: []
